github.com/thetannerryan/cap v0.0.0-20190601184659-45548900de62 h1:8UblwpIhs5gmAI78h0RbDPiXEStQp9tNYuROX7XO9I4=
github.com/thetannerryan/cap v0.0.0-20190601184659-45548900de62/go.mod h1:o6YRpODbSHaBz/8TSXGZMslgSd2pCWwpLbwGDJxGo80=
github.com/thetannerryan/cap v1.0.0 h1:bIV7Zen0MnXdUNHLjiZEC3ftyBPWHMVsbOi8uea1Vd8=
github.com/thetannerryan/cap v1.0.0/go.mod h1:WXaxOcmre1SC2GoaO9oFYpg0sQgEs+EEWupGJGqjzQY=
