# This file is autogenerated, do not edit; changes may be undone by the next 'dep ensure'.


[[projects]]
  digest = "1:80625275ffdc2d5f003df47fc44003a6795560267f42a4fb36a19ad4c1a2edd5"
  name = "github.com/thetannerryan/cap"
  packages = ["."]
  pruneopts = "UT"
  revision = "7c347e84b1715a113623dc34d2a520f189a6fc72"
  version = "v1.0.0"

[solve-meta]
  analyzer-name = "dep"
  analyzer-version = 1
  input-imports = ["github.com/thetannerryan/cap"]
  solver-name = "gps-cdcl"
  solver-version = 1
